{
  "version": 4,
  "terraform_version": "1.13.4",
  "serial": 9,
  "lineage": "949c03ae-1066-0c14-6023-e0fb30ad495c",
  "outputs": {
    "resource_group_v2": {
      "value": "rg-proyecto-devops-v2",
      "type": "string"
    },
    "vm_name_v2": {
      "value": "vm-devops-v2",
      "type": "string"
    },
    "vm_public_ip_v2": {
      "value": "20.169.232.30",
      "type": "string"
    }
  },
  "resources": [
    {
      "mode": "managed",
      "type": "azurerm_linux_virtual_machine",
      "name": "vm_devops_v2",
      "provider": "provider[\"registry.terraform.io/hashicorp/azurerm\"]",
      "instances": [
        {
          "schema_version": 0,
          "attributes": {
            "additional_capabilities": [],
            "admin_password": null,
            "admin_ssh_key": [
              {
                "public_key": "ssh-rsa AAAAB3NzaC1yc2EAAAADAQABAAACAQDfNKXZs9ytI8IsAEWoL4LVqBTzlnnraE6kw2kYbYqnFEFRFA4IGo00rDGEBUjLub7Mvm0biASE3n4gY+LNp4WTJjvs7usKUgox/WrqhpQDcArmfUcrIdAv/6pybP/39t5TbRIEhG3knB/K/zi0ADtRI4g5zjlI96rOtft/yzUtAoY9tiotycVyYr2WgbdKFEYbRDTfnQEIpoh7oal8H5HYuxPvShFTYb5BSv0aoUwMkxWrKYiv3g5SibBchId18sOtTkB3cLRezXw7Yr69C4vRY/c2Bsfmrk56xEUqrBxs4A/gAtx8LwHN2pZ9OzaIJoirvBNJ447jwjEcwj9fbyw9HNgkYJX7JQmxQ+O5dK0QotaWIJLnfdHX3Vn+qcH+BXymlAWfS437uBp9RW1IFMaZKDKdXjWFO7Mor396nIM0WZ37b6no03hmQB1vDJ2ceVJzljxmbt8DQsFWAisIY5KmmpEd0voO3e1aMA2Q630WYpkOQsuYX6sdZsIQmogoWN8UrwxrdDkXm8aYWG3IVaJ1r9FnDsn2Uy1ptqo7M2/QrxXJmO72sWMk0YHLymVvINxkyhVR0++D9gyhq89xyQ6VZTVZl+yNluWi/LqKDBIpNk6dwCB2MykTFb70+5+SV/EmqZvEGBA32675qeDEA19EotwNKkX4rWrSqHiE6GbcvQ== duvanchogonzal@gmail.com\n",
                "username": "azureuser"
              }
            ],
            "admin_username": "azureuser",
            "allow_extension_operations": true,
            "availability_set_id": "",
            "boot_diagnostics": [],
            "bypass_platform_safety_checks_on_user_schedule_enabled": false,
            "capacity_reservation_group_id": "",
            "computer_name": "vm-devops-v2",
            "custom_data": null,
            "dedicated_host_group_id": "",
            "dedicated_host_id": "",
            "disable_password_authentication": true,
            "disk_controller_type": "",
            "edge_zone": "",
            "encryption_at_host_enabled": false,
            "eviction_policy": "",
            "extensions_time_budget": "PT1H30M",
            "gallery_application": [],
            "id": "/subscriptions/0b699b4d-1dd6-4860-94a9-53db4d949df7/resourceGroups/rg-proyecto-devops-v2/providers/Microsoft.Compute/virtualMachines/vm-devops-v2",
            "identity": [],
            "license_type": "",
            "location": "eastus",
            "max_bid_price": -1,
            "name": "vm-devops-v2",
            "network_interface_ids": [
              "/subscriptions/0b699b4d-1dd6-4860-94a9-53db4d949df7/resourceGroups/rg-proyecto-devops-v2/providers/Microsoft.Network/networkInterfaces/nic-devops-v2"
            ],
            "os_disk": [
              {
                "caching": "ReadWrite",
                "diff_disk_settings": [],
                "disk_encryption_set_id": "",
                "disk_size_gb": 30,
                "name": "vm-devops-v2_disk1_2ed4fe39a5db4f47975384838c239edb",
                "secure_vm_disk_encryption_set_id": "",
                "security_encryption_type": "",
                "storage_account_type": "Standard_LRS",
                "write_accelerator_enabled": false
              }
            ],
            "os_image_notification": [],
            "patch_assessment_mode": "ImageDefault",
            "patch_mode": "ImageDefault",
            "plan": [],
            "platform_fault_domain": -1,
            "priority": "Regular",
            "private_ip_address": "10.1.1.4",
            "private_ip_addresses": [
              "10.1.1.4"
            ],
            "provision_vm_agent": true,
            "proximity_placement_group_id": "",
            "public_ip_address": "20.169.232.30",
            "public_ip_addresses": [
              "20.169.232.30"
            ],
            "reboot_setting": "",
            "resource_group_name": "rg-proyecto-devops-v2",
            "secret": [],
            "secure_boot_enabled": false,
            "size": "Standard_B1s",
            "source_image_id": "",
            "source_image_reference": [
              {
                "offer": "0001-com-ubuntu-server-jammy",
                "publisher": "Canonical",
                "sku": "22_04-lts",
                "version": "latest"
              }
            ],
            "tags": null,
            "termination_notification": null,
            "timeouts": null,
            "user_data": "",
            "virtual_machine_id": "b5f0cd14-c6fb-4a3a-b6fb-17cab69df0cb",
            "virtual_machine_scale_set_id": "",
            "vm_agent_platform_updates_enabled": false,
            "vtpm_enabled": false,
            "zone": ""
          },
          "sensitive_attributes": [
            [
              {
                "type": "get_attr",
                "value": "admin_password"
              }
            ],
            [
              {
                "type": "get_attr",
                "value": "custom_data"
              }
            ]
          ],
          "identity_schema_version": 0,
          "private": "eyJlMmJmYjczMC1lY2FhLTExZTYtOGY4OC0zNDM2M2JjN2M0YzAiOnsiY3JlYXRlIjoyNzAwMDAwMDAwMDAwLCJkZWxldGUiOjI3MDAwMDAwMDAwMDAsInJlYWQiOjMwMDAwMDAwMDAwMCwidXBkYXRlIjoyNzAwMDAwMDAwMDAwfX0=",
          "dependencies": [
            "azurerm_network_interface.nic_v2",
            "azurerm_public_ip.public_ip_v2",
            "azurerm_resource_group.rg_devops_v2",
            "azurerm_subnet.subnet_devops_v2",
            "azurerm_virtual_network.vnet_devops_v2"
          ]
        }
      ]
    },
    {
      "mode": "managed",
      "type": "azurerm_network_interface",
      "name": "nic_v2",
      "provider": "provider[\"registry.terraform.io/hashicorp/azurerm\"]",
      "instances": [
        {
          "schema_version": 0,
          "attributes": {
            "accelerated_networking_enabled": false,
            "applied_dns_servers": [],
            "auxiliary_mode": "",
            "auxiliary_sku": "",
            "dns_servers": [],
            "edge_zone": "",
            "enable_accelerated_networking": false,
            "enable_ip_forwarding": false,
            "id": "/subscriptions/0b699b4d-1dd6-4860-94a9-53db4d949df7/resourceGroups/rg-proyecto-devops-v2/providers/Microsoft.Network/networkInterfaces/nic-devops-v2",
            "internal_dns_name_label": "",
            "internal_domain_name_suffix": "pneaj3tnvwwuxor4n2pv0k3ywe.bx.internal.cloudapp.net",
            "ip_configuration": [
              {
                "gateway_load_balancer_frontend_ip_configuration_id": "",
                "name": "nic-ipconfig-v2",
                "primary": true,
                "private_ip_address": "10.1.1.4",
                "private_ip_address_allocation": "Dynamic",
                "private_ip_address_version": "IPv4",
                "public_ip_address_id": "/subscriptions/0b699b4d-1dd6-4860-94a9-53db4d949df7/resourceGroups/rg-proyecto-devops-v2/providers/Microsoft.Network/publicIPAddresses/ip-publica-v2",
                "subnet_id": "/subscriptions/0b699b4d-1dd6-4860-94a9-53db4d949df7/resourceGroups/rg-proyecto-devops-v2/providers/Microsoft.Network/virtualNetworks/vnet-devops-v2/subnets/subnet-devops-v2"
              }
            ],
            "ip_forwarding_enabled": false,
            "location": "eastus",
            "mac_address": "",
            "name": "nic-devops-v2",
            "private_ip_address": "10.1.1.4",
            "private_ip_addresses": [
              "10.1.1.4"
            ],
            "resource_group_name": "rg-proyecto-devops-v2",
            "tags": null,
            "timeouts": null,
            "virtual_machine_id": ""
          },
          "sensitive_attributes": [],
          "identity_schema_version": 0,
          "private": "eyJlMmJmYjczMC1lY2FhLTExZTYtOGY4OC0zNDM2M2JjN2M0YzAiOnsiY3JlYXRlIjoxODAwMDAwMDAwMDAwLCJkZWxldGUiOjE4MDAwMDAwMDAwMDAsInJlYWQiOjMwMDAwMDAwMDAwMCwidXBkYXRlIjoxODAwMDAwMDAwMDAwfX0=",
          "dependencies": [
            "azurerm_public_ip.public_ip_v2",
            "azurerm_resource_group.rg_devops_v2",
            "azurerm_subnet.subnet_devops_v2",
            "azurerm_virtual_network.vnet_devops_v2"
          ]
        }
      ]
    },
    {
      "mode": "managed",
      "type": "azurerm_network_interface_security_group_association",
      "name": "nsg_nic_assoc_v2",
      "provider": "provider[\"registry.terraform.io/hashicorp/azurerm\"]",
      "instances": [
        {
          "schema_version": 0,
          "attributes": {
            "id": "/subscriptions/0b699b4d-1dd6-4860-94a9-53db4d949df7/resourceGroups/rg-proyecto-devops-v2/providers/Microsoft.Network/networkInterfaces/nic-devops-v2|/subscriptions/0b699b4d-1dd6-4860-94a9-53db4d949df7/resourceGroups/rg-proyecto-devops-v2/providers/Microsoft.Network/networkSecurityGroups/nsg-devops-v2",
            "network_interface_id": "/subscriptions/0b699b4d-1dd6-4860-94a9-53db4d949df7/resourceGroups/rg-proyecto-devops-v2/providers/Microsoft.Network/networkInterfaces/nic-devops-v2",
            "network_security_group_id": "/subscriptions/0b699b4d-1dd6-4860-94a9-53db4d949df7/resourceGroups/rg-proyecto-devops-v2/providers/Microsoft.Network/networkSecurityGroups/nsg-devops-v2",
            "timeouts": null
          },
          "sensitive_attributes": [],
          "identity_schema_version": 0,
          "private": "eyJlMmJmYjczMC1lY2FhLTExZTYtOGY4OC0zNDM2M2JjN2M0YzAiOnsiY3JlYXRlIjoxODAwMDAwMDAwMDAwLCJkZWxldGUiOjE4MDAwMDAwMDAwMDAsInJlYWQiOjMwMDAwMDAwMDAwMH19",
          "dependencies": [
            "azurerm_network_interface.nic_v2",
            "azurerm_network_security_group.nsg_v2",
            "azurerm_public_ip.public_ip_v2",
            "azurerm_resource_group.rg_devops_v2",
            "azurerm_subnet.subnet_devops_v2",
            "azurerm_virtual_network.vnet_devops_v2"
          ]
        }
      ]
    },
    {
      "mode": "managed",
      "type": "azurerm_network_security_group",
      "name": "nsg_v2",
      "provider": "provider[\"registry.terraform.io/hashicorp/azurerm\"]",
      "instances": [
        {
          "schema_version": 0,
          "attributes": {
            "id": "/subscriptions/0b699b4d-1dd6-4860-94a9-53db4d949df7/resourceGroups/rg-proyecto-devops-v2/providers/Microsoft.Network/networkSecurityGroups/nsg-devops-v2",
            "location": "eastus",
            "name": "nsg-devops-v2",
            "resource_group_name": "rg-proyecto-devops-v2",
            "security_rule": [
              {
                "access": "Allow",
                "description": "",
                "destination_address_prefix": "*",
                "destination_address_prefixes": [],
                "destination_application_security_group_ids": [],
                "destination_port_range": "22",
                "destination_port_ranges": [],
                "direction": "Inbound",
                "name": "Allow-SSH",
                "priority": 1001,
                "protocol": "Tcp",
                "source_address_prefix": "*",
                "source_address_prefixes": [],
                "source_application_security_group_ids": [],
                "source_port_range": "*",
                "source_port_ranges": []
              },
              {
                "access": "Allow",
                "description": "",
                "destination_address_prefix": "*",
                "destination_address_prefixes": [],
                "destination_application_security_group_ids": [],
                "destination_port_range": "80",
                "destination_port_ranges": [],
                "direction": "Inbound",
                "name": "Allow-HTTP",
                "priority": 1002,
                "protocol": "Tcp",
                "source_address_prefix": "*",
                "source_address_prefixes": [],
                "source_application_security_group_ids": [],
                "source_port_range": "*",
                "source_port_ranges": []
              }
            ],
            "tags": null,
            "timeouts": null
          },
          "sensitive_attributes": [],
          "identity_schema_version": 0,
          "private": "eyJlMmJmYjczMC1lY2FhLTExZTYtOGY4OC0zNDM2M2JjN2M0YzAiOnsiY3JlYXRlIjoxODAwMDAwMDAwMDAwLCJkZWxldGUiOjE4MDAwMDAwMDAwMDAsInJlYWQiOjMwMDAwMDAwMDAwMCwidXBkYXRlIjoxODAwMDAwMDAwMDAwfX0=",
          "dependencies": [
            "azurerm_resource_group.rg_devops_v2"
          ]
        }
      ]
    },
    {
      "mode": "managed",
      "type": "azurerm_public_ip",
      "name": "public_ip_v2",
      "provider": "provider[\"registry.terraform.io/hashicorp/azurerm\"]",
      "instances": [
        {
          "schema_version": 0,
          "attributes": {
            "allocation_method": "Static",
            "ddos_protection_mode": "VirtualNetworkInherited",
            "ddos_protection_plan_id": null,
            "domain_name_label": null,
            "edge_zone": "",
            "fqdn": null,
            "id": "/subscriptions/0b699b4d-1dd6-4860-94a9-53db4d949df7/resourceGroups/rg-proyecto-devops-v2/providers/Microsoft.Network/publicIPAddresses/ip-publica-v2",
            "idle_timeout_in_minutes": 4,
            "ip_address": "20.169.232.30",
            "ip_tags": null,
            "ip_version": "IPv4",
            "location": "eastus",
            "name": "ip-publica-v2",
            "public_ip_prefix_id": null,
            "resource_group_name": "rg-proyecto-devops-v2",
            "reverse_fqdn": null,
            "sku": "Standard",
            "sku_tier": "Regional",
            "tags": null,
            "timeouts": null,
            "zones": null
          },
          "sensitive_attributes": [],
          "identity_schema_version": 0,
          "private": "eyJlMmJmYjczMC1lY2FhLTExZTYtOGY4OC0zNDM2M2JjN2M0YzAiOnsiY3JlYXRlIjoxODAwMDAwMDAwMDAwLCJkZWxldGUiOjE4MDAwMDAwMDAwMDAsInJlYWQiOjMwMDAwMDAwMDAwMCwidXBkYXRlIjoxODAwMDAwMDAwMDAwfX0=",
          "dependencies": [
            "azurerm_resource_group.rg_devops_v2"
          ]
        }
      ]
    },
    {
      "mode": "managed",
      "type": "azurerm_resource_group",
      "name": "rg_devops_v2",
      "provider": "provider[\"registry.terraform.io/hashicorp/azurerm\"]",
      "instances": [
        {
          "schema_version": 0,
          "attributes": {
            "id": "/subscriptions/0b699b4d-1dd6-4860-94a9-53db4d949df7/resourceGroups/rg-proyecto-devops-v2",
            "location": "eastus",
            "managed_by": "",
            "name": "rg-proyecto-devops-v2",
            "tags": null,
            "timeouts": null
          },
          "sensitive_attributes": [],
          "identity_schema_version": 0,
          "private": "eyJlMmJmYjczMC1lY2FhLTExZTYtOGY4OC0zNDM2M2JjN2M0YzAiOnsiY3JlYXRlIjo1NDAwMDAwMDAwMDAwLCJkZWxldGUiOjU0MDAwMDAwMDAwMDAsInJlYWQiOjMwMDAwMDAwMDAwMCwidXBkYXRlIjo1NDAwMDAwMDAwMDAwfX0="
        }
      ]
    },
    {
      "mode": "managed",
      "type": "azurerm_subnet",
      "name": "subnet_devops_v2",
      "provider": "provider[\"registry.terraform.io/hashicorp/azurerm\"]",
      "instances": [
        {
          "schema_version": 0,
          "attributes": {
            "address_prefixes": [
              "10.1.1.0/24"
            ],
            "default_outbound_access_enabled": true,
            "delegation": [],
            "enforce_private_link_endpoint_network_policies": false,
            "enforce_private_link_service_network_policies": false,
            "id": "/subscriptions/0b699b4d-1dd6-4860-94a9-53db4d949df7/resourceGroups/rg-proyecto-devops-v2/providers/Microsoft.Network/virtualNetworks/vnet-devops-v2/subnets/subnet-devops-v2",
            "name": "subnet-devops-v2",
            "private_endpoint_network_policies": "Enabled",
            "private_endpoint_network_policies_enabled": true,
            "private_link_service_network_policies_enabled": true,
            "resource_group_name": "rg-proyecto-devops-v2",
            "service_endpoint_policy_ids": null,
            "service_endpoints": null,
            "timeouts": null,
            "virtual_network_name": "vnet-devops-v2"
          },
          "sensitive_attributes": [],
          "identity_schema_version": 0,
          "private": "eyJlMmJmYjczMC1lY2FhLTExZTYtOGY4OC0zNDM2M2JjN2M0YzAiOnsiY3JlYXRlIjoxODAwMDAwMDAwMDAwLCJkZWxldGUiOjE4MDAwMDAwMDAwMDAsInJlYWQiOjMwMDAwMDAwMDAwMCwidXBkYXRlIjoxODAwMDAwMDAwMDAwfX0=",
          "dependencies": [
            "azurerm_resource_group.rg_devops_v2",
            "azurerm_virtual_network.vnet_devops_v2"
          ]
        }
      ]
    },
    {
      "mode": "managed",
      "type": "azurerm_virtual_network",
      "name": "vnet_devops_v2",
      "provider": "provider[\"registry.terraform.io/hashicorp/azurerm\"]",
      "instances": [
        {
          "schema_version": 0,
          "attributes": {
            "address_space": [
              "10.1.0.0/16"
            ],
            "bgp_community": "",
            "ddos_protection_plan": [],
            "dns_servers": [],
            "edge_zone": "",
            "encryption": [],
            "flow_timeout_in_minutes": 0,
            "guid": "f604487b-ad6d-4bad-ba3e-6f1f5d2bb8b4",
            "id": "/subscriptions/0b699b4d-1dd6-4860-94a9-53db4d949df7/resourceGroups/rg-proyecto-devops-v2/providers/Microsoft.Network/virtualNetworks/vnet-devops-v2",
            "location": "eastus",
            "name": "vnet-devops-v2",
            "resource_group_name": "rg-proyecto-devops-v2",
            "subnet": [],
            "tags": null,
            "timeouts": null
          },
          "sensitive_attributes": [],
          "identity_schema_version": 0,
          "private": "eyJlMmJmYjczMC1lY2FhLTExZTYtOGY4OC0zNDM2M2JjN2M0YzAiOnsiY3JlYXRlIjoxODAwMDAwMDAwMDAwLCJkZWxldGUiOjE4MDAwMDAwMDAwMDAsInJlYWQiOjMwMDAwMDAwMDAwMCwidXBkYXRlIjoxODAwMDAwMDAwMDAwfX0=",
          "dependencies": [
            "azurerm_resource_group.rg_devops_v2"
          ]
        }
      ]
    }
  ],
  "check_results": null
}
